
Microsoft Visual Studio Solution File, Format Version 12.00
# Visual Studio Version 16
VisualStudioVersion = 16.0.31624.102
MinimumVisualStudioVersion = 10.0.40219.1
Project("{FAE04EC0-301F-11D3-BF4B-00C04F79EFBC}") = "ConsoleApp4", "ConsoleApp4.csproj", "{BCDF2A2D-7BD4-4639-B7A3-AFFC68F1FDDC}"
EndProject
Global
	GlobalSection(SolutionConfigurationPlatforms) = preSolution
		Debug|Any CPU = Debug|Any CPU
		Release|Any CPU = Release|Any CPU
	EndGlobalSection
	GlobalSection(ProjectConfigurationPlatforms) = postSolution
		{BCDF2A2D-7BD4-4639-B7A3-AFFC68F1FDDC}.Debug|Any CPU.ActiveCfg = Debug|Any CPU
		{BCDF2A2D-7BD4-4639-B7A3-AFFC68F1FDDC}.Debug|Any CPU.Build.0 = Debug|Any CPU
		{BCDF2A2D-7BD4-4639-B7A3-AFFC68F1FDDC}.Release|Any CPU.ActiveCfg = Release|Any CPU
		{BCDF2A2D-7BD4-4639-B7A3-AFFC68F1FDDC}.Release|Any CPU.Build.0 = Release|Any CPU
	EndGlobalSection
	GlobalSection(SolutionProperties) = preSolution
		HideSolutionNode = FALSE
	EndGlobalSection
	GlobalSection(ExtensibilityGlobals) = postSolution
		SolutionGuid = {C293A1B2-A3EB-41C1-946B-1CEFBE0D44A9}
	EndGlobalSection
EndGlobal
